
Microsoft Visual Studio Solution File, Format Version 12.00
# Visual Studio Version 18
VisualStudioVersion = 18.4.11605.240
MinimumVisualStudioVersion = 10.0.40219.1
Project("{FAE04EC0-301F-11D3-BF4B-00C04F79EFBC}") = "MyGame", "MyGame\MyGame.csproj", "{6F650BE3-CA72-458F-B50A-43530A1948FC}"
EndProject
Project("{FAE04EC0-301F-11D3-BF4B-00C04F79EFBC}") = "Engine.Client", "Engine\Engine.Client\Engine.Client.csproj", "{7EF62FD7-EE02-42C1-940F-7E6A6C6CF58F}"
EndProject
Project("{2150E333-8FDC-42A3-9474-1A3956D46DE8}") = "Tools", "Tools", "{07C2787E-EAC7-C090-1BA3-A61EC2A24D84}"
EndProject
Project("{FAE04EC0-301F-11D3-BF4B-00C04F79EFBC}") = "YAML.Linter", "Tools\YAML.Linter\YAML.Linter.csproj", "{729F8027-8E2F-43EE-8D8F-CBEDB84CF7A9}"
EndProject
Project("{FAE04EC0-301F-11D3-BF4B-00C04F79EFBC}") = "Engine.Shared", "Engine\Engine.Shared\Engine.Shared.csproj", "{9BDB941D-B1D0-4F82-B4BA-886881489FDC}"
EndProject
Project("{FAE04EC0-301F-11D3-BF4B-00C04F79EFBC}") = "Engine.Server", "Engine\Engine.Server\Engine.Server.csproj", "{59CE2395-37BE-4AA9-9756-2DC33F6C342C}"
EndProject
Project("{2150E333-8FDC-42A3-9474-1A3956D46DE8}") = "Engine", "Engine", "{37D55912-7F50-45AD-8BFC-3B8BC5FFCAE4}"
EndProject
Global
	GlobalSection(SolutionConfigurationPlatforms) = preSolution
		Debug|Any CPU = Debug|Any CPU
		Debug|x64 = Debug|x64
		Debug|x86 = Debug|x86
		Release|Any CPU = Release|Any CPU
		Release|x64 = Release|x64
		Release|x86 = Release|x86
	EndGlobalSection
	GlobalSection(ProjectConfigurationPlatforms) = postSolution
		{6F650BE3-CA72-458F-B50A-43530A1948FC}.Debug|Any CPU.ActiveCfg = Debug|Any CPU
		{6F650BE3-CA72-458F-B50A-43530A1948FC}.Debug|Any CPU.Build.0 = Debug|Any CPU
		{6F650BE3-CA72-458F-B50A-43530A1948FC}.Debug|x64.ActiveCfg = Debug|Any CPU
		{6F650BE3-CA72-458F-B50A-43530A1948FC}.Debug|x64.Build.0 = Debug|Any CPU
		{6F650BE3-CA72-458F-B50A-43530A1948FC}.Debug|x86.ActiveCfg = Debug|Any CPU
		{6F650BE3-CA72-458F-B50A-43530A1948FC}.Debug|x86.Build.0 = Debug|Any CPU
		{6F650BE3-CA72-458F-B50A-43530A1948FC}.Release|Any CPU.ActiveCfg = Release|Any CPU
		{6F650BE3-CA72-458F-B50A-43530A1948FC}.Release|Any CPU.Build.0 = Release|Any CPU
		{6F650BE3-CA72-458F-B50A-43530A1948FC}.Release|x64.ActiveCfg = Release|Any CPU
		{6F650BE3-CA72-458F-B50A-43530A1948FC}.Release|x64.Build.0 = Release|Any CPU
		{6F650BE3-CA72-458F-B50A-43530A1948FC}.Release|x86.ActiveCfg = Release|Any CPU
		{6F650BE3-CA72-458F-B50A-43530A1948FC}.Release|x86.Build.0 = Release|Any CPU
		{7EF62FD7-EE02-42C1-940F-7E6A6C6CF58F}.Debug|Any CPU.ActiveCfg = Debug|Any CPU
		{7EF62FD7-EE02-42C1-940F-7E6A6C6CF58F}.Debug|Any CPU.Build.0 = Debug|Any CPU
		{7EF62FD7-EE02-42C1-940F-7E6A6C6CF58F}.Debug|x64.ActiveCfg = Debug|Any CPU
		{7EF62FD7-EE02-42C1-940F-7E6A6C6CF58F}.Debug|x64.Build.0 = Debug|Any CPU
		{7EF62FD7-EE02-42C1-940F-7E6A6C6CF58F}.Debug|x86.ActiveCfg = Debug|Any CPU
		{7EF62FD7-EE02-42C1-940F-7E6A6C6CF58F}.Debug|x86.Build.0 = Debug|Any CPU
		{7EF62FD7-EE02-42C1-940F-7E6A6C6CF58F}.Release|Any CPU.ActiveCfg = Release|Any CPU
		{7EF62FD7-EE02-42C1-940F-7E6A6C6CF58F}.Release|Any CPU.Build.0 = Release|Any CPU
		{7EF62FD7-EE02-42C1-940F-7E6A6C6CF58F}.Release|x64.ActiveCfg = Release|Any CPU
		{7EF62FD7-EE02-42C1-940F-7E6A6C6CF58F}.Release|x64.Build.0 = Release|Any CPU
		{7EF62FD7-EE02-42C1-940F-7E6A6C6CF58F}.Release|x86.ActiveCfg = Release|Any CPU
		{7EF62FD7-EE02-42C1-940F-7E6A6C6CF58F}.Release|x86.Build.0 = Release|Any CPU
		{729F8027-8E2F-43EE-8D8F-CBEDB84CF7A9}.Debug|Any CPU.ActiveCfg = Debug|Any CPU
		{729F8027-8E2F-43EE-8D8F-CBEDB84CF7A9}.Debug|Any CPU.Build.0 = Debug|Any CPU
		{729F8027-8E2F-43EE-8D8F-CBEDB84CF7A9}.Debug|x64.ActiveCfg = Debug|Any CPU
		{729F8027-8E2F-43EE-8D8F-CBEDB84CF7A9}.Debug|x64.Build.0 = Debug|Any CPU
		{729F8027-8E2F-43EE-8D8F-CBEDB84CF7A9}.Debug|x86.ActiveCfg = Debug|Any CPU
		{729F8027-8E2F-43EE-8D8F-CBEDB84CF7A9}.Debug|x86.Build.0 = Debug|Any CPU
		{729F8027-8E2F-43EE-8D8F-CBEDB84CF7A9}.Release|Any CPU.ActiveCfg = Release|Any CPU
		{729F8027-8E2F-43EE-8D8F-CBEDB84CF7A9}.Release|Any CPU.Build.0 = Release|Any CPU
		{729F8027-8E2F-43EE-8D8F-CBEDB84CF7A9}.Release|x64.ActiveCfg = Release|Any CPU
		{729F8027-8E2F-43EE-8D8F-CBEDB84CF7A9}.Release|x64.Build.0 = Release|Any CPU
		{729F8027-8E2F-43EE-8D8F-CBEDB84CF7A9}.Release|x86.ActiveCfg = Release|Any CPU
		{729F8027-8E2F-43EE-8D8F-CBEDB84CF7A9}.Release|x86.Build.0 = Release|Any CPU
		{9BDB941D-B1D0-4F82-B4BA-886881489FDC}.Debug|Any CPU.ActiveCfg = Debug|Any CPU
		{9BDB941D-B1D0-4F82-B4BA-886881489FDC}.Debug|Any CPU.Build.0 = Debug|Any CPU
		{9BDB941D-B1D0-4F82-B4BA-886881489FDC}.Debug|x64.ActiveCfg = Debug|Any CPU
		{9BDB941D-B1D0-4F82-B4BA-886881489FDC}.Debug|x64.Build.0 = Debug|Any CPU
		{9BDB941D-B1D0-4F82-B4BA-886881489FDC}.Debug|x86.ActiveCfg = Debug|Any CPU
		{9BDB941D-B1D0-4F82-B4BA-886881489FDC}.Debug|x86.Build.0 = Debug|Any CPU
		{9BDB941D-B1D0-4F82-B4BA-886881489FDC}.Release|Any CPU.ActiveCfg = Release|Any CPU
		{9BDB941D-B1D0-4F82-B4BA-886881489FDC}.Release|Any CPU.Build.0 = Release|Any CPU
		{9BDB941D-B1D0-4F82-B4BA-886881489FDC}.Release|x64.ActiveCfg = Release|Any CPU
		{9BDB941D-B1D0-4F82-B4BA-886881489FDC}.Release|x64.Build.0 = Release|Any CPU
		{9BDB941D-B1D0-4F82-B4BA-886881489FDC}.Release|x86.ActiveCfg = Release|Any CPU
		{9BDB941D-B1D0-4F82-B4BA-886881489FDC}.Release|x86.Build.0 = Release|Any CPU
		{59CE2395-37BE-4AA9-9756-2DC33F6C342C}.Debug|Any CPU.ActiveCfg = Debug|Any CPU
		{59CE2395-37BE-4AA9-9756-2DC33F6C342C}.Debug|Any CPU.Build.0 = Debug|Any CPU
		{59CE2395-37BE-4AA9-9756-2DC33F6C342C}.Debug|x64.ActiveCfg = Debug|Any CPU
		{59CE2395-37BE-4AA9-9756-2DC33F6C342C}.Debug|x64.Build.0 = Debug|Any CPU
		{59CE2395-37BE-4AA9-9756-2DC33F6C342C}.Debug|x86.ActiveCfg = Debug|Any CPU
		{59CE2395-37BE-4AA9-9756-2DC33F6C342C}.Debug|x86.Build.0 = Debug|Any CPU
		{59CE2395-37BE-4AA9-9756-2DC33F6C342C}.Release|Any CPU.ActiveCfg = Release|Any CPU
		{59CE2395-37BE-4AA9-9756-2DC33F6C342C}.Release|Any CPU.Build.0 = Release|Any CPU
		{59CE2395-37BE-4AA9-9756-2DC33F6C342C}.Release|x64.ActiveCfg = Release|Any CPU
		{59CE2395-37BE-4AA9-9756-2DC33F6C342C}.Release|x64.Build.0 = Release|Any CPU
		{59CE2395-37BE-4AA9-9756-2DC33F6C342C}.Release|x86.ActiveCfg = Release|Any CPU
		{59CE2395-37BE-4AA9-9756-2DC33F6C342C}.Release|x86.Build.0 = Release|Any CPU
	EndGlobalSection
	GlobalSection(SolutionProperties) = preSolution
		HideSolutionNode = FALSE
	EndGlobalSection
	GlobalSection(NestedProjects) = preSolution
		{7EF62FD7-EE02-42C1-940F-7E6A6C6CF58F} = {37D55912-7F50-45AD-8BFC-3B8BC5FFCAE4}
		{729F8027-8E2F-43EE-8D8F-CBEDB84CF7A9} = {07C2787E-EAC7-C090-1BA3-A61EC2A24D84}
		{9BDB941D-B1D0-4F82-B4BA-886881489FDC} = {37D55912-7F50-45AD-8BFC-3B8BC5FFCAE4}
		{59CE2395-37BE-4AA9-9756-2DC33F6C342C} = {37D55912-7F50-45AD-8BFC-3B8BC5FFCAE4}
	EndGlobalSection
	GlobalSection(ExtensibilityGlobals) = postSolution
		SolutionGuid = {9CCE42B8-5B3B-406C-9D95-7851043BD916}
	EndGlobalSection
EndGlobal
